// !$*UTF8*$!
{
	archiveVersion = 1;
	classes = {
	};
	objectVersion = 46;
	objects = {

/* Begin PBXBuildFile section */
		19676EB91E4A19440025157B /* AppDelegate.swift in Sources */ = {isa = PBXBuildFile; fileRef = 19676EB81E4A19440025157B /* AppDelegate.swift */; };
		19676EC01E4A19440025157B /* Assets.xcassets in Resources */ = {isa = PBXBuildFile; fileRef = 19676EBF1E4A19440025157B /* Assets.xcassets */; };
		19676ED11E4A1B4A0025157B /* OAuth2.framework in Frameworks */ = {isa = PBXBuildFile; fileRef = 19676ED01E4A1B4A0025157B /* OAuth2.framework */; };
		19676ED21E4A1B4A0025157B /* OAuth2.framework in Embed Frameworks */ = {isa = PBXBuildFile; fileRef = 19676ED01E4A1B4A0025157B /* OAuth2.framework */; settings = {ATTRIBUTES = (CodeSignOnCopy, RemoveHeadersOnCopy, ); }; };
		CCCE41E17346BA6DA357C31C /* ViewModel.swift in Sources */ = {isa = PBXBuildFile; fileRef = CCCE40EE91FE39F4B732B540 /* ViewModel.swift */; };
		CCCE480A3E0FF82023701B93 /* Auth.storyboard in Resources */ = {isa = PBXBuildFile; fileRef = CCCE440BF9A8EA1F7B8BAF66 /* Auth.storyboard */; };
		CCCE4957D3617E476AB198FB /* LoginViewController.swift in Sources */ = {isa = PBXBuildFile; fileRef = CCCE4CC80410DF34A8EC4E96 /* LoginViewController.swift */; };
		CCCE4BB07FA496D90C440928 /* LaunchScreen.storyboard in Resources */ = {isa = PBXBuildFile; fileRef = CCCE48DC27DD701455B50036 /* LaunchScreen.storyboard */; };
		CCCE4EBF9F4AA83FFA28AE61 /* Main.storyboard in Resources */ = {isa = PBXBuildFile; fileRef = CCCE497BCD995E94FF4CF61B /* Main.storyboard */; };
		CCCE4EDC194205F991A8F49F /* ViewController.swift in Sources */ = {isa = PBXBuildFile; fileRef = CCCE497C20EDCC7BB3CE3AAB /* ViewController.swift */; };
/* End PBXBuildFile section */

/* Begin PBXCopyFilesBuildPhase section */
		19676ED31E4A1B4A0025157B /* Embed Frameworks */ = {
			isa = PBXCopyFilesBuildPhase;
			buildActionMask = 2147483647;
			dstPath = "";
			dstSubfolderSpec = 10;
			files = (
				19676ED21E4A1B4A0025157B /* OAuth2.framework in Embed Frameworks */,
			);
			name = "Embed Frameworks";
			runOnlyForDeploymentPostprocessing = 0;
		};
/* End PBXCopyFilesBuildPhase section */

/* Begin PBXFileReference section */
		19676EB51E4A19440025157B /* OAuth2Demo.app */ = {isa = PBXFileReference; explicitFileType = wrapper.application; includeInIndex = 0; path = OAuth2Demo.app; sourceTree = BUILT_PRODUCTS_DIR; };
		19676EB81E4A19440025157B /* AppDelegate.swift */ = {isa = PBXFileReference; lastKnownFileType = sourcecode.swift; path = AppDelegate.swift; sourceTree = "<group>"; };
		19676EBF1E4A19440025157B /* Assets.xcassets */ = {isa = PBXFileReference; lastKnownFileType = folder.assetcatalog; path = Assets.xcassets; sourceTree = "<group>"; };
		19676EC41E4A19440025157B /* Info.plist */ = {isa = PBXFileReference; lastKnownFileType = text.plist.xml; path = Info.plist; sourceTree = "<group>"; };
		19676ED01E4A1B4A0025157B /* OAuth2.framework */ = {isa = PBXFileReference; explicitFileType = wrapper.framework; path = OAuth2.framework; sourceTree = BUILT_PRODUCTS_DIR; };
		CCCE40EE91FE39F4B732B540 /* ViewModel.swift */ = {isa = PBXFileReference; fileEncoding = 4; lastKnownFileType = sourcecode.swift; path = ViewModel.swift; sourceTree = "<group>"; };
		CCCE440BF9A8EA1F7B8BAF66 /* Auth.storyboard */ = {isa = PBXFileReference; lastKnownFileType = file.storyboard; path = Auth.storyboard; sourceTree = "<group>"; };
		CCCE4679D96332693DBF93FB /* Base */ = {isa = PBXFileReference; lastKnownFileType = file.storyboard; name = Base; path = OAuth2Demo/Base.lproj/Main.storyboard; sourceTree = SOURCE_ROOT; };
		CCCE497C20EDCC7BB3CE3AAB /* ViewController.swift */ = {isa = PBXFileReference; fileEncoding = 4; lastKnownFileType = sourcecode.swift; path = ViewController.swift; sourceTree = "<group>"; };
		CCCE4CC80410DF34A8EC4E96 /* LoginViewController.swift */ = {isa = PBXFileReference; fileEncoding = 4; lastKnownFileType = sourcecode.swift; path = LoginViewController.swift; sourceTree = "<group>"; };
		CCCE4DF2CBFD0CB693932CD7 /* Base */ = {isa = PBXFileReference; lastKnownFileType = file.storyboard; name = Base; path = OAuth2Demo/Base.lproj/LaunchScreen.storyboard; sourceTree = SOURCE_ROOT; };
/* End PBXFileReference section */

/* Begin PBXFrameworksBuildPhase section */
		19676EB21E4A19440025157B /* Frameworks */ = {
			isa = PBXFrameworksBuildPhase;
			buildActionMask = 2147483647;
			files = (
				19676ED11E4A1B4A0025157B /* OAuth2.framework in Frameworks */,
			);
			runOnlyForDeploymentPostprocessing = 0;
		};
/* End PBXFrameworksBuildPhase section */

/* Begin PBXGroup section */
		19676EAC1E4A19440025157B = {
			isa = PBXGroup;
			children = (
				19676ED01E4A1B4A0025157B /* OAuth2.framework */,
				19676EB71E4A19440025157B /* OAuth2Demo */,
				19676EB61E4A19440025157B /* Products */,
			);
			sourceTree = "<group>";
		};
		19676EB61E4A19440025157B /* Products */ = {
			isa = PBXGroup;
			children = (
				19676EB51E4A19440025157B /* OAuth2Demo.app */,
			);
			name = Products;
			sourceTree = "<group>";
		};
		19676EB71E4A19440025157B /* OAuth2Demo */ = {
			isa = PBXGroup;
			children = (
				19676EB81E4A19440025157B /* AppDelegate.swift */,
				19676EBF1E4A19440025157B /* Assets.xcassets */,
				19676EC41E4A19440025157B /* Info.plist */,
				CCCE42B5ECB22A7C776C6A03 /* UI */,
			);
			path = OAuth2Demo;
			sourceTree = "<group>";
		};
		CCCE42B5ECB22A7C776C6A03 /* UI */ = {
			isa = PBXGroup;
			children = (
				CCCE497BCD995E94FF4CF61B /* Main.storyboard */,
				CCCE48DC27DD701455B50036 /* LaunchScreen.storyboard */,
				CCCE497C20EDCC7BB3CE3AAB /* ViewController.swift */,
				CCCE46711CA1EDA682CA48D0 /* Auth */,
				CCCE40EE91FE39F4B732B540 /* ViewModel.swift */,
			);
			path = UI;
			sourceTree = "<group>";
		};
		CCCE46711CA1EDA682CA48D0 /* Auth */ = {
			isa = PBXGroup;
			children = (
				CCCE4CC80410DF34A8EC4E96 /* LoginViewController.swift */,
				CCCE440BF9A8EA1F7B8BAF66 /* Auth.storyboard */,
			);
			path = Auth;
			sourceTree = "<group>";
		};
/* End PBXGroup section */

/* Begin PBXNativeTarget section */
		19676EB41E4A19440025157B /* OAuth2Demo */ = {
			isa = PBXNativeTarget;
			buildConfigurationList = 19676EC71E4A19440025157B /* Build configuration list for PBXNativeTarget "OAuth2Demo" */;
			buildPhases = (
				19676EB11E4A19440025157B /* Sources */,
				19676EB21E4A19440025157B /* Frameworks */,
				19676EB31E4A19440025157B /* Resources */,
				19676ED31E4A1B4A0025157B /* Embed Frameworks */,
			);
			buildRules = (
			);
			dependencies = (
			);
			name = OAuth2Demo;
			productName = OAuth2Demo;
			productReference = 19676EB51E4A19440025157B /* OAuth2Demo.app */;
			productType = "com.apple.product-type.application";
		};
/* End PBXNativeTarget section */

/* Begin PBXProject section */
		19676EAD1E4A19440025157B /* Project object */ = {
			isa = PBXProject;
			attributes = {
				LastSwiftUpdateCheck = 0820;
				LastUpgradeCheck = 0820;
				ORGANIZATIONNAME = tymate;
				TargetAttributes = {
					19676EB41E4A19440025157B = {
						CreatedOnToolsVersion = 8.2.1;
						DevelopmentTeam = J79Y624FJX;
						ProvisioningStyle = Automatic;
					};
				};
			};
			buildConfigurationList = 19676EB01E4A19440025157B /* Build configuration list for PBXProject "OAuth2Demo" */;
			compatibilityVersion = "Xcode 3.2";
			developmentRegion = English;
			hasScannedForEncodings = 0;
			knownRegions = (
				en,
				Base,
			);
			mainGroup = 19676EAC1E4A19440025157B;
			productRefGroup = 19676EB61E4A19440025157B /* Products */;
			projectDirPath = "";
			projectRoot = "";
			targets = (
				19676EB41E4A19440025157B /* OAuth2Demo */,
			);
		};
/* End PBXProject section */

/* Begin PBXResourcesBuildPhase section */
		19676EB31E4A19440025157B /* Resources */ = {
			isa = PBXResourcesBuildPhase;
			buildActionMask = 2147483647;
			files = (
				19676EC01E4A19440025157B /* Assets.xcassets in Resources */,
				CCCE4EBF9F4AA83FFA28AE61 /* Main.storyboard in Resources */,
				CCCE4BB07FA496D90C440928 /* LaunchScreen.storyboard in Resources */,
				CCCE480A3E0FF82023701B93 /* Auth.storyboard in Resources */,
			);
			runOnlyForDeploymentPostprocessing = 0;
		};
/* End PBXResourcesBuildPhase section */

/* Begin PBXSourcesBuildPhase section */
		19676EB11E4A19440025157B /* Sources */ = {
			isa = PBXSourcesBuildPhase;
			buildActionMask = 2147483647;
			files = (
				19676EB91E4A19440025157B /* AppDelegate.swift in Sources */,
				CCCE4EDC194205F991A8F49F /* ViewController.swift in Sources */,
				CCCE4957D3617E476AB198FB /* LoginViewController.swift in Sources */,
				CCCE41E17346BA6DA357C31C /* ViewModel.swift in Sources */,
			);
			runOnlyForDeploymentPostprocessing = 0;
		};
/* End PBXSourcesBuildPhase section */

/* Begin PBXVariantGroup section */
		CCCE48DC27DD701455B50036 /* LaunchScreen.storyboard */ = {
			isa = PBXVariantGroup;
			children = (
				CCCE4DF2CBFD0CB693932CD7 /* Base */,
			);
			name = LaunchScreen.storyboard;
			sourceTree = "<group>";
		};
		CCCE497BCD995E94FF4CF61B /* Main.storyboard */ = {
			isa = PBXVariantGroup;
			children = (
				CCCE4679D96332693DBF93FB /* Base */,
			);
			name = Main.storyboard;
			sourceTree = "<group>";
		};
/* End PBXVariantGroup section */

/* Begin XCBuildConfiguration section */
		19676EC51E4A19440025157B /* Debug */ = {
			isa = XCBuildConfiguration;
			buildSettings = {
				ALWAYS_SEARCH_USER_PATHS = NO;
				CLANG_ANALYZER_NONNULL = YES;
				CLANG_CXX_LANGUAGE_STANDARD = "gnu++0x";
				CLANG_CXX_LIBRARY = "libc++";
				CLANG_ENABLE_MODULES = YES;
				CLANG_ENABLE_OBJC_ARC = YES;
				CLANG_WARN_BOOL_CONVERSION = YES;
				CLANG_WARN_CONSTANT_CONVERSION = YES;
				CLANG_WARN_DIRECT_OBJC_ISA_USAGE = YES_ERROR;
				CLANG_WARN_DOCUMENTATION_COMMENTS = YES;
				CLANG_WARN_EMPTY_BODY = YES;
				CLANG_WARN_ENUM_CONVERSION = YES;
				CLANG_WARN_INFINITE_RECURSION = YES;
				CLANG_WARN_INT_CONVERSION = YES;
				CLANG_WARN_OBJC_ROOT_CLASS = YES_ERROR;
				CLANG_WARN_SUSPICIOUS_MOVE = YES;
				CLANG_WARN_UNREACHABLE_CODE = YES;
				CLANG_WARN__DUPLICATE_METHOD_MATCH = YES;
				"CODE_SIGN_IDENTITY[sdk=iphoneos*]" = "iPhone Developer";
				COPY_PHASE_STRIP = NO;
				DEBUG_INFORMATION_FORMAT = dwarf;
				ENABLE_STRICT_OBJC_MSGSEND = YES;
				ENABLE_TESTABILITY = YES;
				GCC_C_LANGUAGE_STANDARD = gnu99;
				GCC_DYNAMIC_NO_PIC = NO;
				GCC_NO_COMMON_BLOCKS = YES;
				GCC_OPTIMIZATION_LEVEL = 0;
				GCC_PREPROCESSOR_DEFINITIONS = (
					"DEBUG=1",
					"$(inherited)",
				);
				GCC_WARN_64_TO_32_BIT_CONVERSION = YES;
				GCC_WARN_ABOUT_RETURN_TYPE = YES_ERROR;
				GCC_WARN_UNDECLARED_SELECTOR = YES;
				GCC_WARN_UNINITIALIZED_AUTOS = YES_AGGRESSIVE;
				GCC_WARN_UNUSED_FUNCTION = YES;
				GCC_WARN_UNUSED_VARIABLE = YES;
				IPHONEOS_DEPLOYMENT_TARGET = 10.2;
				MTL_ENABLE_DEBUG_INFO = YES;
				ONLY_ACTIVE_ARCH = YES;
				SDKROOT = iphoneos;
				SWIFT_ACTIVE_COMPILATION_CONDITIONS = DEBUG;
				SWIFT_OPTIMIZATION_LEVEL = "-Onone";
				TARGETED_DEVICE_FAMILY = "1,2";
			};
			name = Debug;
		};
		19676EC61E4A19440025157B /* Release */ = {
			isa = XCBuildConfiguration;
			buildSettings = {
				ALWAYS_SEARCH_USER_PATHS = NO;
				CLANG_ANALYZER_NONNULL = YES;
				CLANG_CXX_LANGUAGE_STANDARD = "gnu++0x";
				CLANG_CXX_LIBRARY = "libc++";
				CLANG_ENABLE_MODULES = YES;
				CLANG_ENABLE_OBJC_ARC = YES;
				CLANG_WARN_BOOL_CONVERSION = YES;
				CLANG_WARN_CONSTANT_CONVERSION = YES;
				CLANG_WARN_DIRECT_OBJC_ISA_USAGE = YES_ERROR;
				CLANG_WARN_DOCUMENTATION_COMMENTS = YES;
				CLANG_WARN_EMPTY_BODY = YES;
				CLANG_WARN_ENUM_CONVERSION = YES;
				CLANG_WARN_INFINITE_RECURSION = YES;
				CLANG_WARN_INT_CONVERSION = YES;
				CLANG_WARN_OBJC_ROOT_CLASS = YES_ERROR;
				CLANG_WARN_SUSPICIOUS_MOVE = YES;
				CLANG_WARN_UNREACHABLE_CODE = YES;
				CLANG_WARN__DUPLICATE_METHOD_MATCH = YES;
				"CODE_SIGN_IDENTITY[sdk=iphoneos*]" = "iPhone Developer";
				COPY_PHASE_STRIP = NO;
				DEBUG_INFORMATION_FORMAT = "dwarf-with-dsym";
				ENABLE_NS_ASSERTIONS = NO;
				ENABLE_STRICT_OBJC_MSGSEND = YES;
				GCC_C_LANGUAGE_STANDARD = gnu99;
				GCC_NO_COMMON_BLOCKS = YES;
				GCC_WARN_64_TO_32_BIT_CONVERSION = YES;
				GCC_WARN_ABOUT_RETURN_TYPE = YES_ERROR;
				GCC_WARN_UNDECLARED_SELECTOR = YES;
				GCC_WARN_UNINITIALIZED_AUTOS = YES_AGGRESSIVE;
				GCC_WARN_UNUSED_FUNCTION = YES;
				GCC_WARN_UNUSED_VARIABLE = YES;
				IPHONEOS_DEPLOYMENT_TARGET = 10.2;
				MTL_ENABLE_DEBUG_INFO = NO;
				SDKROOT = iphoneos;
				SWIFT_OPTIMIZATION_LEVEL = "-Owholemodule";
				TARGETED_DEVICE_FAMILY = "1,2";
				VALIDATE_PRODUCT = YES;
			};
			name = Release;
		};
		19676EC81E4A19440025157B /* Debug */ = {
			isa = XCBuildConfiguration;
			buildSettings = {
				ASSETCATALOG_COMPILER_APPICON_NAME = AppIcon;
				DEVELOPMENT_TEAM = J79Y624FJX;
				INFOPLIST_FILE = OAuth2Demo/Info.plist;
				LD_RUNPATH_SEARCH_PATHS = "$(inherited) @executable_path/Frameworks";
				PRODUCT_BUNDLE_IDENTIFIER = com.tymate.OAuth2Demo;
				PRODUCT_NAME = "$(TARGET_NAME)";
				SWIFT_VERSION = 3.0;
			};
			name = Debug;
		};
		19676EC91E4A19440025157B /* Release */ = {
			isa = XCBuildConfiguration;
			buildSettings = {
				ASSETCATALOG_COMPILER_APPICON_NAME = AppIcon;
				DEVELOPMENT_TEAM = J79Y624FJX;
				INFOPLIST_FILE = OAuth2Demo/Info.plist;
				LD_RUNPATH_SEARCH_PATHS = "$(inherited) @executable_path/Frameworks";
				PRODUCT_BUNDLE_IDENTIFIER = com.tymate.OAuth2Demo;
				PRODUCT_NAME = "$(TARGET_NAME)";
				SWIFT_VERSION = 3.0;
			};
			name = Release;
		};
/* End XCBuildConfiguration section */

/* Begin XCConfigurationList section */
		19676EB01E4A19440025157B /* Build configuration list for PBXProject "OAuth2Demo" */ = {
			isa = XCConfigurationList;
			buildConfigurations = (
				19676EC51E4A19440025157B /* Debug */,
				19676EC61E4A19440025157B /* Release */,
			);
			defaultConfigurationIsVisible = 0;
			defaultConfigurationName = Release;
		};
		19676EC71E4A19440025157B /* Build configuration list for PBXNativeTarget "OAuth2Demo" */ = {
			isa = XCConfigurationList;
			buildConfigurations = (
				19676EC81E4A19440025157B /* Debug */,
				19676EC91E4A19440025157B /* Release */,
			);
			defaultConfigurationIsVisible = 0;
		};
/* End XCConfigurationList section */
	};
	rootObject = 19676EAD1E4A19440025157B /* Project object */;
}
