// !$*UTF8*$!
{
	archiveVersion = 1;
	classes = {
	};
	objectVersion = 46;
	objects = {

/* Begin PBXBuildFile section */
		EA9758181B222CEA007744B1 /* OAuth2PasswordGrant.swift in Sources */ = {isa = PBXBuildFile; fileRef = EA9758171B222CEA007744B1 /* OAuth2PasswordGrant.swift */; };
		EA97581D1B223A5D007744B1 /* OAuth2PasswordGrant_Tests.swift in Sources */ = {isa = PBXBuildFile; fileRef = EA97581B1B223932007744B1 /* OAuth2PasswordGrant_Tests.swift */; };
		EA97581E1B2242F9007744B1 /* OAuth2PasswordGrant.swift in Sources */ = {isa = PBXBuildFile; fileRef = EA9758171B222CEA007744B1 /* OAuth2PasswordGrant.swift */; };
		EE012EFC1A4162ED002FFD6C /* OAuth2.h in Headers */ = {isa = PBXBuildFile; fileRef = EEDB8629193FAAE500C4EEA1 /* OAuth2.h */; settings = {ATTRIBUTES = (Public, ); }; };
		EE1391DA1AC5B41A002C7B18 /* OAuth2CodeGrantBasicAuth.swift in Sources */ = {isa = PBXBuildFile; fileRef = EE1391D91AC5B41A002C7B18 /* OAuth2CodeGrantBasicAuth.swift */; };
		EE1391DB1AC5B41A002C7B18 /* OAuth2CodeGrantBasicAuth.swift in Sources */ = {isa = PBXBuildFile; fileRef = EE1391D91AC5B41A002C7B18 /* OAuth2CodeGrantBasicAuth.swift */; };
		EE24862A1AC85DD4002B31AF /* OAuth2WebViewController.swift in Sources */ = {isa = PBXBuildFile; fileRef = EE2486291AC85DD4002B31AF /* OAuth2WebViewController.swift */; };
		EE43B15F1952E4700017679A /* OAuth2CodeGrant_tests.swift in Sources */ = {isa = PBXBuildFile; fileRef = EE43B1591951FAC70017679A /* OAuth2CodeGrant_tests.swift */; };
		EE5F4F861B19114D00DB38B3 /* OAuth2ClientCredentials.swift in Sources */ = {isa = PBXBuildFile; fileRef = EE5F4F851B19114D00DB38B3 /* OAuth2ClientCredentials.swift */; };
		EE5F4F871B19114D00DB38B3 /* OAuth2ClientCredentials.swift in Sources */ = {isa = PBXBuildFile; fileRef = EE5F4F851B19114D00DB38B3 /* OAuth2ClientCredentials.swift */; };
		EE5F4F891B1913D400DB38B3 /* OAuth2ClientCredentials_tests.swift in Sources */ = {isa = PBXBuildFile; fileRef = EE5F4F881B1913D400DB38B3 /* OAuth2ClientCredentials_tests.swift */; };
		EEACE1D41A7E8DE8009BF3A7 /* OAuth2.swift in Sources */ = {isa = PBXBuildFile; fileRef = EEDB8640193FAB9200C4EEA1 /* OAuth2.swift */; };
		EEACE1D51A7E8DE8009BF3A7 /* OAuth2.swift in Sources */ = {isa = PBXBuildFile; fileRef = EEDB8640193FAB9200C4EEA1 /* OAuth2.swift */; };
		EEACE1D61A7E8DEB009BF3A7 /* OAuth2ImplicitGrant.swift in Sources */ = {isa = PBXBuildFile; fileRef = EE3174EB1945E83100210E62 /* OAuth2ImplicitGrant.swift */; };
		EEACE1D71A7E8DEB009BF3A7 /* OAuth2ImplicitGrant.swift in Sources */ = {isa = PBXBuildFile; fileRef = EE3174EB1945E83100210E62 /* OAuth2ImplicitGrant.swift */; };
		EEACE1D81A7E8DEE009BF3A7 /* OAuth2CodeGrant.swift in Sources */ = {isa = PBXBuildFile; fileRef = EE44F691194F2C7D0094AB8B /* OAuth2CodeGrant.swift */; };
		EEACE1D91A7E8DEE009BF3A7 /* OAuth2CodeGrant.swift in Sources */ = {isa = PBXBuildFile; fileRef = EE44F691194F2C7D0094AB8B /* OAuth2CodeGrant.swift */; };
		EEACE1DA1A7E8DF1009BF3A7 /* OAuth2Request.swift in Sources */ = {isa = PBXBuildFile; fileRef = EE29EABB195A0DB2008882C8 /* OAuth2Request.swift */; };
		EEACE1DB1A7E8DF1009BF3A7 /* OAuth2Request.swift in Sources */ = {isa = PBXBuildFile; fileRef = EE29EABB195A0DB2008882C8 /* OAuth2Request.swift */; };
		EEACE1DC1A7E8DF6009BF3A7 /* extensions.swift in Sources */ = {isa = PBXBuildFile; fileRef = EEDB864B19421DAD00C4EEA1 /* extensions.swift */; };
		EEACE1DD1A7E8DF7009BF3A7 /* extensions.swift in Sources */ = {isa = PBXBuildFile; fileRef = EEDB864B19421DAD00C4EEA1 /* extensions.swift */; };
		EEACE1DF1A7E8FC1009BF3A7 /* OAuth2CodeGrantFacebook.swift in Sources */ = {isa = PBXBuildFile; fileRef = EEACE1DE1A7E8FC1009BF3A7 /* OAuth2CodeGrantFacebook.swift */; };
		EEACE1E01A7E8FC5009BF3A7 /* OAuth2CodeGrantFacebook.swift in Sources */ = {isa = PBXBuildFile; fileRef = EEACE1DE1A7E8FC1009BF3A7 /* OAuth2CodeGrantFacebook.swift */; };
		EEBA36AC1A8D030F00CF4230 /* OAuth2ImplicitGrant_tests.swift in Sources */ = {isa = PBXBuildFile; fileRef = EEBA36AB1A8D030F00CF4230 /* OAuth2ImplicitGrant_tests.swift */; };
		EEC7A8C71AE46C33008C30E7 /* OAuth2+OSX.swift in Sources */ = {isa = PBXBuildFile; fileRef = EEC7A8C61AE46C33008C30E7 /* OAuth2+OSX.swift */; };
		EEC7A8C91AE47111008C30E7 /* OAuth2+iOS.swift in Sources */ = {isa = PBXBuildFile; fileRef = EEC7A8C81AE47111008C30E7 /* OAuth2+iOS.swift */; };
		EEC7A8D41AE4851E008C30E7 /* ArchiveKey.swift in Sources */ = {isa = PBXBuildFile; fileRef = EEC7A8CE1AE4851E008C30E7 /* ArchiveKey.swift */; };
		EEC7A8D51AE4851E008C30E7 /* ArchiveKey.swift in Sources */ = {isa = PBXBuildFile; fileRef = EEC7A8CE1AE4851E008C30E7 /* ArchiveKey.swift */; };
		EEC7A8D61AE4851E008C30E7 /* GenericKey.swift in Sources */ = {isa = PBXBuildFile; fileRef = EEC7A8CF1AE4851E008C30E7 /* GenericKey.swift */; };
		EEC7A8D71AE4851E008C30E7 /* GenericKey.swift in Sources */ = {isa = PBXBuildFile; fileRef = EEC7A8CF1AE4851E008C30E7 /* GenericKey.swift */; };
		EEC7A8D81AE4851E008C30E7 /* Keychain.swift in Sources */ = {isa = PBXBuildFile; fileRef = EEC7A8D01AE4851E008C30E7 /* Keychain.swift */; };
		EEC7A8D91AE4851E008C30E7 /* Keychain.swift in Sources */ = {isa = PBXBuildFile; fileRef = EEC7A8D01AE4851E008C30E7 /* Keychain.swift */; };
		EEC7A8DA1AE4851E008C30E7 /* KeychainItem.swift in Sources */ = {isa = PBXBuildFile; fileRef = EEC7A8D11AE4851E008C30E7 /* KeychainItem.swift */; };
		EEC7A8DB1AE4851E008C30E7 /* KeychainItem.swift in Sources */ = {isa = PBXBuildFile; fileRef = EEC7A8D11AE4851E008C30E7 /* KeychainItem.swift */; };
		EEC7A8DC1AE4851E008C30E7 /* KeychainQuery.swift in Sources */ = {isa = PBXBuildFile; fileRef = EEC7A8D21AE4851E008C30E7 /* KeychainQuery.swift */; };
		EEC7A8DD1AE4851E008C30E7 /* KeychainQuery.swift in Sources */ = {isa = PBXBuildFile; fileRef = EEC7A8D21AE4851E008C30E7 /* KeychainQuery.swift */; };
		EEC7A8DE1AE4851E008C30E7 /* KeychainService.swift in Sources */ = {isa = PBXBuildFile; fileRef = EEC7A8D31AE4851E008C30E7 /* KeychainService.swift */; };
		EEC7A8DF1AE4851E008C30E7 /* KeychainService.swift in Sources */ = {isa = PBXBuildFile; fileRef = EEC7A8D31AE4851E008C30E7 /* KeychainService.swift */; };
		EEDB862A193FAAE500C4EEA1 /* OAuth2.h in Headers */ = {isa = PBXBuildFile; fileRef = EEDB8629193FAAE500C4EEA1 /* OAuth2.h */; settings = {ATTRIBUTES = (Public, ); }; };
		EEE209A719427DFE00736F1A /* OAuth2_tests.swift in Sources */ = {isa = PBXBuildFile; fileRef = EEE209A619427DFE00736F1A /* OAuth2_tests.swift */; };
		EEE209A819427DFE00736F1A /* OAuth2.framework in Frameworks */ = {isa = PBXBuildFile; fileRef = EEE209471942772800736F1A /* OAuth2.framework */; };
/* End PBXBuildFile section */

/* Begin PBXContainerItemProxy section */
		EE43B1551951F2440017679A /* PBXContainerItemProxy */ = {
			isa = PBXContainerItemProxy;
			containerPortal = EEDB861B193FAAE500C4EEA1 /* Project object */;
			proxyType = 1;
			remoteGlobalIDString = EEE209461942772800736F1A;
			remoteInfo = OAuth2;
		};
		EE43B1571951F2440017679A /* PBXContainerItemProxy */ = {
			isa = PBXContainerItemProxy;
			containerPortal = EEDB861B193FAAE500C4EEA1 /* Project object */;
			proxyType = 1;
			remoteGlobalIDString = EEE209461942772800736F1A;
			remoteInfo = OAuth2;
		};
		EE43B15D1951FCFB0017679A /* PBXContainerItemProxy */ = {
			isa = PBXContainerItemProxy;
			containerPortal = EEDB861B193FAAE500C4EEA1 /* Project object */;
			proxyType = 1;
			remoteGlobalIDString = EEE209461942772800736F1A;
			remoteInfo = OAuth2;
		};
		EE43B1CB19547C4A0017679A /* PBXContainerItemProxy */ = {
			isa = PBXContainerItemProxy;
			containerPortal = EEDB861B193FAAE500C4EEA1 /* Project object */;
			proxyType = 1;
			remoteGlobalIDString = EEE209461942772800736F1A;
			remoteInfo = OAuth2;
		};
		EE43B1CD19547C4A0017679A /* PBXContainerItemProxy */ = {
			isa = PBXContainerItemProxy;
			containerPortal = EEDB861B193FAAE500C4EEA1 /* Project object */;
			proxyType = 1;
			remoteGlobalIDString = EEE209461942772800736F1A;
			remoteInfo = OAuth2;
		};
		EEE209A919427DFE00736F1A /* PBXContainerItemProxy */ = {
			isa = PBXContainerItemProxy;
			containerPortal = EEDB861B193FAAE500C4EEA1 /* Project object */;
			proxyType = 1;
			remoteGlobalIDString = EEE209461942772800736F1A;
			remoteInfo = OAuth2;
		};
/* End PBXContainerItemProxy section */

/* Begin PBXFileReference section */
		EA9758171B222CEA007744B1 /* OAuth2PasswordGrant.swift */ = {isa = PBXFileReference; fileEncoding = 4; lastKnownFileType = sourcecode.swift; path = OAuth2PasswordGrant.swift; sourceTree = "<group>"; };
		EA97581B1B223932007744B1 /* OAuth2PasswordGrant_Tests.swift */ = {isa = PBXFileReference; fileEncoding = 4; lastKnownFileType = sourcecode.swift; path = OAuth2PasswordGrant_Tests.swift; sourceTree = "<group>"; };
		EE1391D91AC5B41A002C7B18 /* OAuth2CodeGrantBasicAuth.swift */ = {isa = PBXFileReference; fileEncoding = 4; lastKnownFileType = sourcecode.swift; path = OAuth2CodeGrantBasicAuth.swift; sourceTree = "<group>"; };
		EE2486291AC85DD4002B31AF /* OAuth2WebViewController.swift */ = {isa = PBXFileReference; fileEncoding = 4; lastKnownFileType = sourcecode.swift; path = OAuth2WebViewController.swift; sourceTree = "<group>"; };
		EE29EABB195A0DB2008882C8 /* OAuth2Request.swift */ = {isa = PBXFileReference; fileEncoding = 4; lastKnownFileType = sourcecode.swift; path = OAuth2Request.swift; sourceTree = "<group>"; };
		EE29EABE195B0813008882C8 /* README.md */ = {isa = PBXFileReference; lastKnownFileType = net.daringfireball.markdown; path = README.md; sourceTree = "<group>"; };
		EE3174EB1945E83100210E62 /* OAuth2ImplicitGrant.swift */ = {isa = PBXFileReference; fileEncoding = 4; lastKnownFileType = sourcecode.swift; path = OAuth2ImplicitGrant.swift; sourceTree = "<group>"; };
		EE43B1591951FAC70017679A /* OAuth2CodeGrant_tests.swift */ = {isa = PBXFileReference; fileEncoding = 4; lastKnownFileType = sourcecode.swift; path = OAuth2CodeGrant_tests.swift; sourceTree = "<group>"; };
		EE44F691194F2C7D0094AB8B /* OAuth2CodeGrant.swift */ = {isa = PBXFileReference; fileEncoding = 4; lastKnownFileType = sourcecode.swift; path = OAuth2CodeGrant.swift; sourceTree = "<group>"; };
		EE450CD31AD57578008AB6FC /* p2.OAuth2.podspec */ = {isa = PBXFileReference; lastKnownFileType = text; path = p2.OAuth2.podspec; sourceTree = SOURCE_ROOT; xcLanguageSpecificationIdentifier = xcode.lang.ruby; };
		EE5F4F851B19114D00DB38B3 /* OAuth2ClientCredentials.swift */ = {isa = PBXFileReference; fileEncoding = 4; lastKnownFileType = sourcecode.swift; path = OAuth2ClientCredentials.swift; sourceTree = "<group>"; };
		EE5F4F881B1913D400DB38B3 /* OAuth2ClientCredentials_tests.swift */ = {isa = PBXFileReference; fileEncoding = 4; lastKnownFileType = sourcecode.swift; path = OAuth2ClientCredentials_tests.swift; sourceTree = "<group>"; };
		EE8EE6DA1B12AB35005B90C5 /* CHANGELOG.md */ = {isa = PBXFileReference; lastKnownFileType = net.daringfireball.markdown; path = CHANGELOG.md; sourceTree = "<group>"; };
		EEACE1DE1A7E8FC1009BF3A7 /* OAuth2CodeGrantFacebook.swift */ = {isa = PBXFileReference; fileEncoding = 4; lastKnownFileType = sourcecode.swift; path = OAuth2CodeGrantFacebook.swift; sourceTree = "<group>"; };
		EEBA36AB1A8D030F00CF4230 /* OAuth2ImplicitGrant_tests.swift */ = {isa = PBXFileReference; fileEncoding = 4; lastKnownFileType = sourcecode.swift; path = OAuth2ImplicitGrant_tests.swift; sourceTree = "<group>"; };
		EEC7A8C61AE46C33008C30E7 /* OAuth2+OSX.swift */ = {isa = PBXFileReference; fileEncoding = 4; lastKnownFileType = sourcecode.swift; path = "OAuth2+OSX.swift"; sourceTree = "<group>"; };
		EEC7A8C81AE47111008C30E7 /* OAuth2+iOS.swift */ = {isa = PBXFileReference; fileEncoding = 4; lastKnownFileType = sourcecode.swift; path = "OAuth2+iOS.swift"; sourceTree = "<group>"; };
		EEC7A8CE1AE4851E008C30E7 /* ArchiveKey.swift */ = {isa = PBXFileReference; fileEncoding = 4; lastKnownFileType = sourcecode.swift; path = ArchiveKey.swift; sourceTree = "<group>"; };
		EEC7A8CF1AE4851E008C30E7 /* GenericKey.swift */ = {isa = PBXFileReference; fileEncoding = 4; lastKnownFileType = sourcecode.swift; path = GenericKey.swift; sourceTree = "<group>"; };
		EEC7A8D01AE4851E008C30E7 /* Keychain.swift */ = {isa = PBXFileReference; fileEncoding = 4; lastKnownFileType = sourcecode.swift; path = Keychain.swift; sourceTree = "<group>"; };
		EEC7A8D11AE4851E008C30E7 /* KeychainItem.swift */ = {isa = PBXFileReference; fileEncoding = 4; lastKnownFileType = sourcecode.swift; path = KeychainItem.swift; sourceTree = "<group>"; };
		EEC7A8D21AE4851E008C30E7 /* KeychainQuery.swift */ = {isa = PBXFileReference; fileEncoding = 4; lastKnownFileType = sourcecode.swift; path = KeychainQuery.swift; sourceTree = "<group>"; };
		EEC7A8D31AE4851E008C30E7 /* KeychainService.swift */ = {isa = PBXFileReference; fileEncoding = 4; lastKnownFileType = sourcecode.swift; path = KeychainService.swift; sourceTree = "<group>"; };
		EEC7A8E01AE48533008C30E7 /* LICENSE.txt */ = {isa = PBXFileReference; lastKnownFileType = text; name = LICENSE.txt; path = ../../LICENSE.txt; sourceTree = "<group>"; };
		EEDB8624193FAAE500C4EEA1 /* OAuth2.framework */ = {isa = PBXFileReference; explicitFileType = wrapper.framework; includeInIndex = 0; path = OAuth2.framework; sourceTree = BUILT_PRODUCTS_DIR; };
		EEDB8629193FAAE500C4EEA1 /* OAuth2.h */ = {isa = PBXFileReference; lastKnownFileType = sourcecode.c.h; path = OAuth2.h; sourceTree = "<group>"; };
		EEDB8640193FAB9200C4EEA1 /* OAuth2.swift */ = {isa = PBXFileReference; fileEncoding = 4; lastKnownFileType = sourcecode.swift; path = OAuth2.swift; sourceTree = "<group>"; };
		EEDB864B19421DAD00C4EEA1 /* extensions.swift */ = {isa = PBXFileReference; fileEncoding = 4; lastKnownFileType = sourcecode.swift; path = extensions.swift; sourceTree = "<group>"; };
		EEE209471942772800736F1A /* OAuth2.framework */ = {isa = PBXFileReference; explicitFileType = wrapper.framework; includeInIndex = 0; path = OAuth2.framework; sourceTree = BUILT_PRODUCTS_DIR; };
		EEE2098B1942778300736F1A /* Info.plist */ = {isa = PBXFileReference; fileEncoding = 4; lastKnownFileType = text.plist.xml; path = Info.plist; sourceTree = "<group>"; };
		EEE209A219427DFE00736F1A /* OAuth2Tests.xctest */ = {isa = PBXFileReference; explicitFileType = wrapper.cfbundle; includeInIndex = 0; path = OAuth2Tests.xctest; sourceTree = BUILT_PRODUCTS_DIR; };
		EEE209A519427DFE00736F1A /* Info.plist */ = {isa = PBXFileReference; lastKnownFileType = text.plist.xml; path = Info.plist; sourceTree = "<group>"; };
		EEE209A619427DFE00736F1A /* OAuth2_tests.swift */ = {isa = PBXFileReference; lastKnownFileType = sourcecode.swift; path = OAuth2_tests.swift; sourceTree = "<group>"; };
/* End PBXFileReference section */

/* Begin PBXFrameworksBuildPhase section */
		EEDB8620193FAAE500C4EEA1 /* Frameworks */ = {
			isa = PBXFrameworksBuildPhase;
			buildActionMask = 2147483647;
			files = (
			);
			runOnlyForDeploymentPostprocessing = 0;
		};
		EEE209431942772800736F1A /* Frameworks */ = {
			isa = PBXFrameworksBuildPhase;
			buildActionMask = 2147483647;
			files = (
			);
			runOnlyForDeploymentPostprocessing = 0;
		};
		EEE2099F19427DFE00736F1A /* Frameworks */ = {
			isa = PBXFrameworksBuildPhase;
			buildActionMask = 2147483647;
			files = (
				EEE209A819427DFE00736F1A /* OAuth2.framework in Frameworks */,
			);
			runOnlyForDeploymentPostprocessing = 0;
		};
/* End PBXFrameworksBuildPhase section */

/* Begin PBXGroup section */
		EE2486281AC85DD4002B31AF /* OAuth2+iOS */ = {
			isa = PBXGroup;
			children = (
				EEC7A8C81AE47111008C30E7 /* OAuth2+iOS.swift */,
				EE2486291AC85DD4002B31AF /* OAuth2WebViewController.swift */,
			);
			path = "OAuth2+iOS";
			sourceTree = "<group>";
		};
		EEC7A8C51AE46C33008C30E7 /* OAuth2+OSX */ = {
			isa = PBXGroup;
			children = (
				EEC7A8C61AE46C33008C30E7 /* OAuth2+OSX.swift */,
			);
			path = "OAuth2+OSX";
			sourceTree = "<group>";
		};
		EEC7A8CD1AE4851E008C30E7 /* SwiftKeychain */ = {
			isa = PBXGroup;
			children = (
				EEC7A8E01AE48533008C30E7 /* LICENSE.txt */,
				EEC7A8CE1AE4851E008C30E7 /* ArchiveKey.swift */,
				EEC7A8CF1AE4851E008C30E7 /* GenericKey.swift */,
				EEC7A8D01AE4851E008C30E7 /* Keychain.swift */,
				EEC7A8D11AE4851E008C30E7 /* KeychainItem.swift */,
				EEC7A8D21AE4851E008C30E7 /* KeychainQuery.swift */,
				EEC7A8D31AE4851E008C30E7 /* KeychainService.swift */,
			);
			name = SwiftKeychain;
			path = SwiftKeychain/SwiftKeychain/Keychain;
			sourceTree = "<group>";
		};
		EEDB861A193FAAE500C4EEA1 = {
			isa = PBXGroup;
			children = (
				EE29EABE195B0813008882C8 /* README.md */,
				EE8EE6DA1B12AB35005B90C5 /* CHANGELOG.md */,
				EE450CD31AD57578008AB6FC /* p2.OAuth2.podspec */,
				EEDB8626193FAAE500C4EEA1 /* OAuth2 */,
				EE2486281AC85DD4002B31AF /* OAuth2+iOS */,
				EEC7A8C51AE46C33008C30E7 /* OAuth2+OSX */,
				EEC7A8CD1AE4851E008C30E7 /* SwiftKeychain */,
				EEE209A319427DFE00736F1A /* OAuth2 Tests */,
			);
			sourceTree = "<group>";
		};
		EEDB8625193FAAE500C4EEA1 /* Products */ = {
			isa = PBXGroup;
			children = (
				EEDB8624193FAAE500C4EEA1 /* OAuth2.framework */,
				EEE209471942772800736F1A /* OAuth2.framework */,
				EEE209A219427DFE00736F1A /* OAuth2Tests.xctest */,
			);
			name = Products;
			path = ..;
			sourceTree = "<group>";
		};
		EEDB8626193FAAE500C4EEA1 /* OAuth2 */ = {
			isa = PBXGroup;
			children = (
				EEDB8629193FAAE500C4EEA1 /* OAuth2.h */,
				EEDB8640193FAB9200C4EEA1 /* OAuth2.swift */,
				EE3174EB1945E83100210E62 /* OAuth2ImplicitGrant.swift */,
				EE44F691194F2C7D0094AB8B /* OAuth2CodeGrant.swift */,
				EEACE1DE1A7E8FC1009BF3A7 /* OAuth2CodeGrantFacebook.swift */,
				EE1391D91AC5B41A002C7B18 /* OAuth2CodeGrantBasicAuth.swift */,
				EE5F4F851B19114D00DB38B3 /* OAuth2ClientCredentials.swift */,
				EA9758171B222CEA007744B1 /* OAuth2PasswordGrant.swift */,
				EE29EABB195A0DB2008882C8 /* OAuth2Request.swift */,
				EEDB864B19421DAD00C4EEA1 /* extensions.swift */,
				EEDB8627193FAAE500C4EEA1 /* Supporting Files */,
			);
			path = OAuth2;
			sourceTree = "<group>";
		};
		EEDB8627193FAAE500C4EEA1 /* Supporting Files */ = {
			isa = PBXGroup;
			children = (
				EEE2098B1942778300736F1A /* Info.plist */,
			);
			name = "Supporting Files";
			sourceTree = "<group>";
		};
		EEE209A319427DFE00736F1A /* OAuth2 Tests */ = {
			isa = PBXGroup;
			children = (
				EEE209A619427DFE00736F1A /* OAuth2_tests.swift */,
				EEBA36AB1A8D030F00CF4230 /* OAuth2ImplicitGrant_tests.swift */,
				EE43B1591951FAC70017679A /* OAuth2CodeGrant_tests.swift */,
				EE5F4F881B1913D400DB38B3 /* OAuth2ClientCredentials_tests.swift */,
				EA97581B1B223932007744B1 /* OAuth2PasswordGrant_Tests.swift */,
				EEDB8625193FAAE500C4EEA1 /* Products */,
				EEE209A419427DFE00736F1A /* Supporting Files */,
			);
			path = "OAuth2 Tests";
			sourceTree = "<group>";
		};
		EEE209A419427DFE00736F1A /* Supporting Files */ = {
			isa = PBXGroup;
			children = (
				EEE209A519427DFE00736F1A /* Info.plist */,
			);
			name = "Supporting Files";
			sourceTree = "<group>";
		};
/* End PBXGroup section */

/* Begin PBXHeadersBuildPhase section */
		EEDB8621193FAAE500C4EEA1 /* Headers */ = {
			isa = PBXHeadersBuildPhase;
			buildActionMask = 2147483647;
			files = (
				EEDB862A193FAAE500C4EEA1 /* OAuth2.h in Headers */,
			);
			runOnlyForDeploymentPostprocessing = 0;
		};
		EEE209441942772800736F1A /* Headers */ = {
			isa = PBXHeadersBuildPhase;
			buildActionMask = 2147483647;
			files = (
				EE012EFC1A4162ED002FFD6C /* OAuth2.h in Headers */,
			);
			runOnlyForDeploymentPostprocessing = 0;
		};
/* End PBXHeadersBuildPhase section */

/* Begin PBXNativeTarget section */
		EEDB8623193FAAE500C4EEA1 /* OAuth2iOS */ = {
			isa = PBXNativeTarget;
			buildConfigurationList = EEDB863A193FAAE500C4EEA1 /* Build configuration list for PBXNativeTarget "OAuth2iOS" */;
			buildPhases = (
				EEDB861F193FAAE500C4EEA1 /* Sources */,
				EEDB8620193FAAE500C4EEA1 /* Frameworks */,
				EEDB8621193FAAE500C4EEA1 /* Headers */,
				EEDB8622193FAAE500C4EEA1 /* Resources */,
			);
			buildRules = (
			);
			dependencies = (
			);
			name = OAuth2iOS;
			productName = OAuth2;
			productReference = EEDB8624193FAAE500C4EEA1 /* OAuth2.framework */;
			productType = "com.apple.product-type.framework";
		};
		EEE209461942772800736F1A /* OAuth2 */ = {
			isa = PBXNativeTarget;
			buildConfigurationList = EEE2095A1942772800736F1A /* Build configuration list for PBXNativeTarget "OAuth2" */;
			buildPhases = (
				EEE209421942772800736F1A /* Sources */,
				EEE209431942772800736F1A /* Frameworks */,
				EEE209441942772800736F1A /* Headers */,
				EEE209451942772800736F1A /* Resources */,
			);
			buildRules = (
			);
			dependencies = (
			);
			name = OAuth2;
			productName = OAuth2;
			productReference = EEE209471942772800736F1A /* OAuth2.framework */;
			productType = "com.apple.product-type.framework";
		};
		EEE209A119427DFE00736F1A /* OAuth2Tests */ = {
			isa = PBXNativeTarget;
			buildConfigurationList = EEE209AB19427DFE00736F1A /* Build configuration list for PBXNativeTarget "OAuth2Tests" */;
			buildPhases = (
				EEE2099E19427DFE00736F1A /* Sources */,
				EEE2099F19427DFE00736F1A /* Frameworks */,
				EEE209A019427DFE00736F1A /* Resources */,
			);
			buildRules = (
			);
			dependencies = (
				EEE209AA19427DFE00736F1A /* PBXTargetDependency */,
				EE43B1561951F2440017679A /* PBXTargetDependency */,
				EE43B1581951F2440017679A /* PBXTargetDependency */,
				EE43B15E1951FCFB0017679A /* PBXTargetDependency */,
				EE43B1CC19547C4A0017679A /* PBXTargetDependency */,
				EE43B1CE19547C4A0017679A /* PBXTargetDependency */,
			);
			name = OAuth2Tests;
			productName = "OAuth2 Tests";
			productReference = EEE209A219427DFE00736F1A /* OAuth2Tests.xctest */;
			productType = "com.apple.product-type.bundle.unit-test";
		};
/* End PBXNativeTarget section */

/* Begin PBXProject section */
		EEDB861B193FAAE500C4EEA1 /* Project object */ = {
			isa = PBXProject;
			attributes = {
				LastUpgradeCheck = 0610;
				ORGANIZATIONNAME = "Pascal Pfiffner";
				TargetAttributes = {
					EEDB8623193FAAE500C4EEA1 = {
						CreatedOnToolsVersion = 6.0;
					};
					EEE209461942772800736F1A = {
						CreatedOnToolsVersion = 6.0;
					};
					EEE209A119427DFE00736F1A = {
						CreatedOnToolsVersion = 6.0;
						TestTargetID = EEE209461942772800736F1A;
					};
				};
			};
			buildConfigurationList = EEDB861E193FAAE500C4EEA1 /* Build configuration list for PBXProject "OAuth2" */;
			compatibilityVersion = "Xcode 3.2";
			developmentRegion = English;
			hasScannedForEncodings = 0;
			knownRegions = (
				en,
			);
			mainGroup = EEDB861A193FAAE500C4EEA1;
			productRefGroup = EEDB8625193FAAE500C4EEA1 /* Products */;
			projectDirPath = "";
			projectRoot = "";
			targets = (
				EEE209461942772800736F1A /* OAuth2 */,
				EEDB8623193FAAE500C4EEA1 /* OAuth2iOS */,
				EEE209A119427DFE00736F1A /* OAuth2Tests */,
			);
		};
/* End PBXProject section */

/* Begin PBXResourcesBuildPhase section */
		EEDB8622193FAAE500C4EEA1 /* Resources */ = {
			isa = PBXResourcesBuildPhase;
			buildActionMask = 2147483647;
			files = (
			);
			runOnlyForDeploymentPostprocessing = 0;
		};
		EEE209451942772800736F1A /* Resources */ = {
			isa = PBXResourcesBuildPhase;
			buildActionMask = 2147483647;
			files = (
			);
			runOnlyForDeploymentPostprocessing = 0;
		};
		EEE209A019427DFE00736F1A /* Resources */ = {
			isa = PBXResourcesBuildPhase;
			buildActionMask = 2147483647;
			files = (
			);
			runOnlyForDeploymentPostprocessing = 0;
		};
/* End PBXResourcesBuildPhase section */

/* Begin PBXSourcesBuildPhase section */
		EEDB861F193FAAE500C4EEA1 /* Sources */ = {
			isa = PBXSourcesBuildPhase;
			buildActionMask = 2147483647;
			files = (
				EEC7A8DD1AE4851E008C30E7 /* KeychainQuery.swift in Sources */,
				EEC7A8C91AE47111008C30E7 /* OAuth2+iOS.swift in Sources */,
				EEACE1DD1A7E8DF7009BF3A7 /* extensions.swift in Sources */,
				EEC7A8DB1AE4851E008C30E7 /* KeychainItem.swift in Sources */,
				EEC7A8D51AE4851E008C30E7 /* ArchiveKey.swift in Sources */,
				EEACE1D51A7E8DE8009BF3A7 /* OAuth2.swift in Sources */,
				EEC7A8D71AE4851E008C30E7 /* GenericKey.swift in Sources */,
				EEC7A8D91AE4851E008C30E7 /* Keychain.swift in Sources */,
				EE5F4F871B19114D00DB38B3 /* OAuth2ClientCredentials.swift in Sources */,
				EEC7A8DF1AE4851E008C30E7 /* KeychainService.swift in Sources */,
				EEACE1DB1A7E8DF1009BF3A7 /* OAuth2Request.swift in Sources */,
				EA97581E1B2242F9007744B1 /* OAuth2PasswordGrant.swift in Sources */,
				EEACE1D71A7E8DEB009BF3A7 /* OAuth2ImplicitGrant.swift in Sources */,
				EEACE1D91A7E8DEE009BF3A7 /* OAuth2CodeGrant.swift in Sources */,
				EEACE1E01A7E8FC5009BF3A7 /* OAuth2CodeGrantFacebook.swift in Sources */,
				EE1391DB1AC5B41A002C7B18 /* OAuth2CodeGrantBasicAuth.swift in Sources */,
				EE24862A1AC85DD4002B31AF /* OAuth2WebViewController.swift in Sources */,
			);
			runOnlyForDeploymentPostprocessing = 0;
		};
		EEE209421942772800736F1A /* Sources */ = {
			isa = PBXSourcesBuildPhase;
			buildActionMask = 2147483647;
			files = (
				EEACE1DC1A7E8DF6009BF3A7 /* extensions.swift in Sources */,
				EEC7A8C71AE46C33008C30E7 /* OAuth2+OSX.swift in Sources */,
				EEC7A8DC1AE4851E008C30E7 /* KeychainQuery.swift in Sources */,
				EE5F4F861B19114D00DB38B3 /* OAuth2ClientCredentials.swift in Sources */,
				EEACE1D41A7E8DE8009BF3A7 /* OAuth2.swift in Sources */,
				EEC7A8D61AE4851E008C30E7 /* GenericKey.swift in Sources */,
				EA9758181B222CEA007744B1 /* OAuth2PasswordGrant.swift in Sources */,
				EEACE1DA1A7E8DF1009BF3A7 /* OAuth2Request.swift in Sources */,
				EEC7A8D81AE4851E008C30E7 /* Keychain.swift in Sources */,
				EEACE1D61A7E8DEB009BF3A7 /* OAuth2ImplicitGrant.swift in Sources */,
				EEC7A8D41AE4851E008C30E7 /* ArchiveKey.swift in Sources */,
				EEC7A8DA1AE4851E008C30E7 /* KeychainItem.swift in Sources */,
				EEACE1D81A7E8DEE009BF3A7 /* OAuth2CodeGrant.swift in Sources */,
				EEC7A8DE1AE4851E008C30E7 /* KeychainService.swift in Sources */,
				EEACE1DF1A7E8FC1009BF3A7 /* OAuth2CodeGrantFacebook.swift in Sources */,
				EE1391DA1AC5B41A002C7B18 /* OAuth2CodeGrantBasicAuth.swift in Sources */,
			);
			runOnlyForDeploymentPostprocessing = 0;
		};
		EEE2099E19427DFE00736F1A /* Sources */ = {
			isa = PBXSourcesBuildPhase;
			buildActionMask = 2147483647;
			files = (
				EE5F4F891B1913D400DB38B3 /* OAuth2ClientCredentials_tests.swift in Sources */,
				EE43B15F1952E4700017679A /* OAuth2CodeGrant_tests.swift in Sources */,
				EEBA36AC1A8D030F00CF4230 /* OAuth2ImplicitGrant_tests.swift in Sources */,
				EA97581D1B223A5D007744B1 /* OAuth2PasswordGrant_Tests.swift in Sources */,
				EEE209A719427DFE00736F1A /* OAuth2_tests.swift in Sources */,
			);
			runOnlyForDeploymentPostprocessing = 0;
		};
/* End PBXSourcesBuildPhase section */

/* Begin PBXTargetDependency section */
		EE43B1561951F2440017679A /* PBXTargetDependency */ = {
			isa = PBXTargetDependency;
			target = EEE209461942772800736F1A /* OAuth2 */;
			targetProxy = EE43B1551951F2440017679A /* PBXContainerItemProxy */;
		};
		EE43B1581951F2440017679A /* PBXTargetDependency */ = {
			isa = PBXTargetDependency;
			target = EEE209461942772800736F1A /* OAuth2 */;
			targetProxy = EE43B1571951F2440017679A /* PBXContainerItemProxy */;
		};
		EE43B15E1951FCFB0017679A /* PBXTargetDependency */ = {
			isa = PBXTargetDependency;
			target = EEE209461942772800736F1A /* OAuth2 */;
			targetProxy = EE43B15D1951FCFB0017679A /* PBXContainerItemProxy */;
		};
		EE43B1CC19547C4A0017679A /* PBXTargetDependency */ = {
			isa = PBXTargetDependency;
			target = EEE209461942772800736F1A /* OAuth2 */;
			targetProxy = EE43B1CB19547C4A0017679A /* PBXContainerItemProxy */;
		};
		EE43B1CE19547C4A0017679A /* PBXTargetDependency */ = {
			isa = PBXTargetDependency;
			target = EEE209461942772800736F1A /* OAuth2 */;
			targetProxy = EE43B1CD19547C4A0017679A /* PBXContainerItemProxy */;
		};
		EEE209AA19427DFE00736F1A /* PBXTargetDependency */ = {
			isa = PBXTargetDependency;
			target = EEE209461942772800736F1A /* OAuth2 */;
			targetProxy = EEE209A919427DFE00736F1A /* PBXContainerItemProxy */;
		};
/* End PBXTargetDependency section */

/* Begin XCBuildConfiguration section */
		EEDB8638193FAAE500C4EEA1 /* Debug */ = {
			isa = XCBuildConfiguration;
			buildSettings = {
				ALWAYS_SEARCH_USER_PATHS = NO;
				CLANG_CXX_LANGUAGE_STANDARD = "gnu++0x";
				CLANG_CXX_LIBRARY = "libc++";
				CLANG_ENABLE_MODULES = YES;
				CLANG_ENABLE_OBJC_ARC = YES;
				CLANG_WARN_BOOL_CONVERSION = YES;
				CLANG_WARN_CONSTANT_CONVERSION = YES;
				CLANG_WARN_DIRECT_OBJC_ISA_USAGE = YES_ERROR;
				CLANG_WARN_EMPTY_BODY = YES;
				CLANG_WARN_ENUM_CONVERSION = YES;
				CLANG_WARN_INT_CONVERSION = YES;
				CLANG_WARN_OBJC_ROOT_CLASS = YES_ERROR;
				CLANG_WARN_UNREACHABLE_CODE = YES;
				CLANG_WARN__DUPLICATE_METHOD_MATCH = YES;
				"CODE_SIGN_IDENTITY[sdk=iphoneos*]" = "iPhone Developer";
				COPY_PHASE_STRIP = NO;
				CURRENT_PROJECT_VERSION = 1;
				ENABLE_STRICT_OBJC_MSGSEND = YES;
				GCC_C_LANGUAGE_STANDARD = gnu99;
				GCC_DYNAMIC_NO_PIC = NO;
				GCC_OPTIMIZATION_LEVEL = 0;
				GCC_PREPROCESSOR_DEFINITIONS = (
					"DEBUG=1",
					"$(inherited)",
				);
				GCC_SYMBOLS_PRIVATE_EXTERN = NO;
				GCC_WARN_64_TO_32_BIT_CONVERSION = YES;
				GCC_WARN_ABOUT_RETURN_TYPE = YES_ERROR;
				GCC_WARN_UNDECLARED_SELECTOR = YES;
				GCC_WARN_UNINITIALIZED_AUTOS = YES_AGGRESSIVE;
				GCC_WARN_UNUSED_FUNCTION = YES;
				GCC_WARN_UNUSED_VARIABLE = YES;
				IPHONEOS_DEPLOYMENT_TARGET = 8.0;
				MACOSX_DEPLOYMENT_TARGET = 10.9;
				METAL_ENABLE_DEBUG_INFO = YES;
				ONLY_ACTIVE_ARCH = YES;
				SDKROOT = iphoneos;
				SWIFT_OPTIMIZATION_LEVEL = "-Onone";
				TARGETED_DEVICE_FAMILY = "1,2";
				VERSIONING_SYSTEM = "apple-generic";
				VERSION_INFO_PREFIX = "";
			};
			name = Debug;
		};
		EEDB8639193FAAE500C4EEA1 /* Release */ = {
			isa = XCBuildConfiguration;
			buildSettings = {
				ALWAYS_SEARCH_USER_PATHS = NO;
				CLANG_CXX_LANGUAGE_STANDARD = "gnu++0x";
				CLANG_CXX_LIBRARY = "libc++";
				CLANG_ENABLE_MODULES = YES;
				CLANG_ENABLE_OBJC_ARC = YES;
				CLANG_WARN_BOOL_CONVERSION = YES;
				CLANG_WARN_CONSTANT_CONVERSION = YES;
				CLANG_WARN_DIRECT_OBJC_ISA_USAGE = YES_ERROR;
				CLANG_WARN_EMPTY_BODY = YES;
				CLANG_WARN_ENUM_CONVERSION = YES;
				CLANG_WARN_INT_CONVERSION = YES;
				CLANG_WARN_OBJC_ROOT_CLASS = YES_ERROR;
				CLANG_WARN_UNREACHABLE_CODE = YES;
				CLANG_WARN__DUPLICATE_METHOD_MATCH = YES;
				"CODE_SIGN_IDENTITY[sdk=iphoneos*]" = "iPhone Developer";
				COPY_PHASE_STRIP = YES;
				CURRENT_PROJECT_VERSION = 1;
				ENABLE_NS_ASSERTIONS = NO;
				ENABLE_STRICT_OBJC_MSGSEND = YES;
				GCC_C_LANGUAGE_STANDARD = gnu99;
				GCC_WARN_64_TO_32_BIT_CONVERSION = YES;
				GCC_WARN_ABOUT_RETURN_TYPE = YES_ERROR;
				GCC_WARN_UNDECLARED_SELECTOR = YES;
				GCC_WARN_UNINITIALIZED_AUTOS = YES_AGGRESSIVE;
				GCC_WARN_UNUSED_FUNCTION = YES;
				GCC_WARN_UNUSED_VARIABLE = YES;
				IPHONEOS_DEPLOYMENT_TARGET = 8.0;
				MACOSX_DEPLOYMENT_TARGET = 10.9;
				METAL_ENABLE_DEBUG_INFO = NO;
				SDKROOT = iphoneos;
				TARGETED_DEVICE_FAMILY = "1,2";
				VALIDATE_PRODUCT = YES;
				VERSIONING_SYSTEM = "apple-generic";
				VERSION_INFO_PREFIX = "";
			};
			name = Release;
		};
		EEDB863B193FAAE500C4EEA1 /* Debug */ = {
			isa = XCBuildConfiguration;
			buildSettings = {
				CLANG_ENABLE_MODULES = YES;
				CODE_SIGN_IDENTITY = "iPhone Developer";
				DEFINES_MODULE = YES;
				DYLIB_COMPATIBILITY_VERSION = 1;
				DYLIB_CURRENT_VERSION = 1;
				DYLIB_INSTALL_NAME_BASE = "@rpath";
				INFOPLIST_FILE = OAuth2/Info.plist;
				INSTALL_PATH = "$(LOCAL_LIBRARY_DIR)/Frameworks";
				LD_RUNPATH_SEARCH_PATHS = "$(inherited) @executable_path/Frameworks @loader_path/Frameworks";
				PRODUCT_NAME = OAuth2;
				SKIP_INSTALL = YES;
				SWIFT_OPTIMIZATION_LEVEL = "-Onone";
			};
			name = Debug;
		};
		EEDB863C193FAAE500C4EEA1 /* Release */ = {
			isa = XCBuildConfiguration;
			buildSettings = {
				CLANG_ENABLE_MODULES = YES;
				CODE_SIGN_IDENTITY = "iPhone Developer";
				DEFINES_MODULE = YES;
				DYLIB_COMPATIBILITY_VERSION = 1;
				DYLIB_CURRENT_VERSION = 1;
				DYLIB_INSTALL_NAME_BASE = "@rpath";
				INFOPLIST_FILE = OAuth2/Info.plist;
				INSTALL_PATH = "$(LOCAL_LIBRARY_DIR)/Frameworks";
				LD_RUNPATH_SEARCH_PATHS = "$(inherited) @executable_path/Frameworks @loader_path/Frameworks";
				PRODUCT_NAME = OAuth2;
				SKIP_INSTALL = YES;
			};
			name = Release;
		};
		EEE2095B1942772800736F1A /* Debug */ = {
			isa = XCBuildConfiguration;
			buildSettings = {
				COMBINE_HIDPI_IMAGES = YES;
				DEFINES_MODULE = YES;
				DYLIB_COMPATIBILITY_VERSION = 1;
				DYLIB_CURRENT_VERSION = 1;
				DYLIB_INSTALL_NAME_BASE = "@rpath";
				FRAMEWORK_VERSION = A;
				INFOPLIST_FILE = OAuth2/Info.plist;
				INSTALL_PATH = "$(LOCAL_LIBRARY_DIR)/Frameworks";
				LD_RUNPATH_SEARCH_PATHS = "$(inherited) @executable_path/../Frameworks @loader_path/../Frameworks";
				PRODUCT_NAME = OAuth2;
				SDKROOT = macosx;
				SKIP_INSTALL = YES;
			};
			name = Debug;
		};
		EEE2095C1942772800736F1A /* Release */ = {
			isa = XCBuildConfiguration;
			buildSettings = {
				COMBINE_HIDPI_IMAGES = YES;
				DEBUG_INFORMATION_FORMAT = "dwarf-with-dsym";
				DEFINES_MODULE = YES;
				DYLIB_COMPATIBILITY_VERSION = 1;
				DYLIB_CURRENT_VERSION = 1;
				DYLIB_INSTALL_NAME_BASE = "@rpath";
				FRAMEWORK_VERSION = A;
				INFOPLIST_FILE = OAuth2/Info.plist;
				INSTALL_PATH = "$(LOCAL_LIBRARY_DIR)/Frameworks";
				LD_RUNPATH_SEARCH_PATHS = "$(inherited) @executable_path/../Frameworks @loader_path/../Frameworks";
				PRODUCT_NAME = OAuth2;
				SDKROOT = macosx;
				SKIP_INSTALL = YES;
			};
			name = Release;
		};
		EEE209AC19427DFE00736F1A /* Debug */ = {
			isa = XCBuildConfiguration;
			buildSettings = {
				COMBINE_HIDPI_IMAGES = YES;
				FRAMEWORK_SEARCH_PATHS = (
					"$(DEVELOPER_FRAMEWORKS_DIR)",
					"$(inherited)",
				);
				INFOPLIST_FILE = "OAuth2 Tests/Info.plist";
				LD_RUNPATH_SEARCH_PATHS = "$(inherited) @executable_path/../Frameworks @loader_path/../Frameworks";
				METAL_ENABLE_DEBUG_INFO = YES;
				PRODUCT_NAME = "$(TARGET_NAME)";
				SDKROOT = macosx;
			};
			name = Debug;
		};
		EEE209AD19427DFE00736F1A /* Release */ = {
			isa = XCBuildConfiguration;
			buildSettings = {
				COMBINE_HIDPI_IMAGES = YES;
				DEBUG_INFORMATION_FORMAT = "dwarf-with-dsym";
				FRAMEWORK_SEARCH_PATHS = (
					"$(DEVELOPER_FRAMEWORKS_DIR)",
					"$(inherited)",
				);
				INFOPLIST_FILE = "OAuth2 Tests/Info.plist";
				LD_RUNPATH_SEARCH_PATHS = "$(inherited) @executable_path/../Frameworks @loader_path/../Frameworks";
				METAL_ENABLE_DEBUG_INFO = NO;
				PRODUCT_NAME = "$(TARGET_NAME)";
				SDKROOT = macosx;
			};
			name = Release;
		};
/* End XCBuildConfiguration section */

/* Begin XCConfigurationList section */
		EEDB861E193FAAE500C4EEA1 /* Build configuration list for PBXProject "OAuth2" */ = {
			isa = XCConfigurationList;
			buildConfigurations = (
				EEDB8638193FAAE500C4EEA1 /* Debug */,
				EEDB8639193FAAE500C4EEA1 /* Release */,
			);
			defaultConfigurationIsVisible = 0;
			defaultConfigurationName = Release;
		};
		EEDB863A193FAAE500C4EEA1 /* Build configuration list for PBXNativeTarget "OAuth2iOS" */ = {
			isa = XCConfigurationList;
			buildConfigurations = (
				EEDB863B193FAAE500C4EEA1 /* Debug */,
				EEDB863C193FAAE500C4EEA1 /* Release */,
			);
			defaultConfigurationIsVisible = 0;
			defaultConfigurationName = Release;
		};
		EEE2095A1942772800736F1A /* Build configuration list for PBXNativeTarget "OAuth2" */ = {
			isa = XCConfigurationList;
			buildConfigurations = (
				EEE2095B1942772800736F1A /* Debug */,
				EEE2095C1942772800736F1A /* Release */,
			);
			defaultConfigurationIsVisible = 0;
			defaultConfigurationName = Release;
		};
		EEE209AB19427DFE00736F1A /* Build configuration list for PBXNativeTarget "OAuth2Tests" */ = {
			isa = XCConfigurationList;
			buildConfigurations = (
				EEE209AC19427DFE00736F1A /* Debug */,
				EEE209AD19427DFE00736F1A /* Release */,
			);
			defaultConfigurationIsVisible = 0;
			defaultConfigurationName = Release;
		};
/* End XCConfigurationList section */
	};
	rootObject = EEDB861B193FAAE500C4EEA1 /* Project object */;
}
